{
  "lockfileVersion": 1,
  "configVersion": 1,
  "workspaces": {
    "": {
      "name": "fawn-bench-bun-package-compare",
      "dependencies": {
        "bun-webgpu": "^0.1.5",
      },
    },
  },
  "packages": {
    "@webgpu/types": ["@webgpu/types@0.1.69", "", {}, "sha512-RPmm6kgRbI8e98zSD3RVACvnuktIja5+yLgDAkTmxLr90BEwdTXRQWNLF3ETTTyH/8mKhznZuN5AveXYFEsMGQ=="],

    "bun-webgpu": ["bun-webgpu@0.1.5", "", { "dependencies": { "@webgpu/types": "^0.1.60" }, "optionalDependencies": { "bun-webgpu-darwin-arm64": "^0.1.5", "bun-webgpu-darwin-x64": "^0.1.5", "bun-webgpu-linux-x64": "^0.1.5", "bun-webgpu-win32-x64": "^0.1.5" } }, "sha512-91/K6S5whZKX7CWAm9AylhyKrLGRz6BUiiPiM/kXadSnD4rffljCD/q9cNFftm5YXhx4MvLqw33yEilxogJvwA=="],

    "bun-webgpu-darwin-arm64": ["bun-webgpu-darwin-arm64@0.1.5", "", { "os": "darwin", "cpu": "arm64" }, "sha512-qM7W5IaFpWYGPDcNiQ8DOng3noQ97gxpH2MFH1mGsdKwI0T4oy++egSh5Z7s6AQx8WKgc9GzAsTUM4KZkFdacw=="],

    "bun-webgpu-darwin-x64": ["bun-webgpu-darwin-x64@0.1.5", "", { "os": "darwin", "cpu": "x64" }, "sha512-oVoIsme27pcXB68YxnQSAgdNGCa4A3PGWYIBUewOh9VnJaoik4JenGb5Yy+svGE+ETFhQXV9nhHqgMPsDRrO6A=="],

    "bun-webgpu-linux-x64": ["bun-webgpu-linux-x64@0.1.5", "", { "os": "linux", "cpu": "x64" }, "sha512-+SYt09k+xDEl/GfcU7L1zdNgm7IlvAFKV5Xl/auBwuprKG5UwXNhjRlRAWfhTMCUZWN+NDf8E+ZQx0cQi9K2/g=="],

    "bun-webgpu-win32-x64": ["bun-webgpu-win32-x64@0.1.5", "", { "os": "win32", "cpu": "x64" }, "sha512-zvnUl4EAsQbKsmZVu+lEJcH8axQ7MiCfqg2OmnHd6uw1THABmHaX0GbpKiHshdgadNN2Nf+4zDyTJB5YMcAdrA=="],
  }
}
