{
  "name": "application",
  "lockfileVersion": 3,
  "requires": true,
  "packages": {
    "": {
      "dependencies": {
        "doe-gpu": "file:archives/doe-source-bound-provider.tgz",
        "doppler-gpu": "file:archives/doppler-retirement-final.tgz",
        "webgpu": "file:archives/webgpu-0.4.0.tgz"
      }
    },
    "node_modules/@webgpu/types": {
      "version": "0.1.74",
      "license": "BSD-3-Clause"
    },
    "node_modules/debug": {
      "version": "4.4.3",
      "license": "MIT",
      "dependencies": {
        "ms": "^2.1.3"
      },
      "engines": {
        "node": ">=6.0"
      },
      "peerDependenciesMeta": {
        "supports-color": {
          "optional": true
        }
      }
    },
    "node_modules/doe-gpu": {
      "version": "0.5.0",
      "resolved": "file:archives/doe-source-bound-provider.tgz",
      "integrity": "sha512-Nnw+RkVFW1jD7FVGSAmdVHSJ9FDOjynGkfq0KU6vLKtttZ7qJ4wtIys0fXJ9Jvni1ZKTiAM9N+4CgyIbA3JYPA==",
      "hasInstallScript": true,
      "license": "Apache-2.0",
      "bin": {
        "doe-proof-node": "bin/doe-proof-node.js"
      },
      "engines": {
        "node": ">=18"
      },
      "optionalDependencies": {
        "doe-gpu-darwin-arm64": "0.5.0",
        "doe-gpu-linux-x64": "0.5.0"
      }
    },
    "node_modules/doe-gpu-darwin-arm64": {
      "version": "0.4.7",
      "resolved": "https://registry.npmjs.org/doe-gpu-darwin-arm64/-/doe-gpu-darwin-arm64-0.4.7.tgz",
      "integrity": "sha512-3hVX3vdE+RPhbspnMHyw8nrgTrcQQtGXw3Jt5wjc3Y6S1VdBhaJLz4uYCLs8Ekq/3vW2VzfrNVopHK1giB7ILg==",
      "cpu": [
        "arm64"
      ],
      "optional": true,
      "os": [
        "darwin"
      ]
    },
    "node_modules/doe-gpu-linux-x64": {
      "version": "0.4.7",
      "resolved": "https://registry.npmjs.org/doe-gpu-linux-x64/-/doe-gpu-linux-x64-0.4.7.tgz",
      "integrity": "sha512-BXtDeZ5PQsKi9EIo9cA8pYmQ/qY8DuqCpJYA8L7WgUEMWsXZQPftzKjCiIhjjLxZ9w++t9kxPlRxLs+xSwv0Vw==",
      "cpu": [
        "x64"
      ],
      "optional": true,
      "os": [
        "linux"
      ]
    },
    "node_modules/doppler-gpu": {
      "version": "0.6.10",
      "resolved": "file:archives/doppler-retirement-final.tgz",
      "integrity": "sha512-lyBB8ldwbbthHE/2OfQCWk5l2AsNUBNRvQNGJiksEYATwunQ/Sshh3K4WPNGUEfgbSsCo5lgw+vrDixaGTvA+g==",
      "license": "MIT",
      "bin": {
        "doppler": "src/cli/doppler-cli.js",
        "doppler-gpu": "src/cli/doppler-quickstart.js",
        "doppler-serve": "src/cli/doppler-serve.js"
      },
      "optionalDependencies": {
        "doe-gpu": "^0.4.2",
        "webgpu": "^0.4.0"
      }
    },
    "node_modules/doppler-gpu/node_modules/doe-gpu": {
      "version": "0.4.7",
      "resolved": "https://registry.npmjs.org/doe-gpu/-/doe-gpu-0.4.7.tgz",
      "integrity": "sha512-XcbI3SW6wbJCNg6DJ7311wGvGHA8rVEMY+imtmsClZFxKL6oXgcl5HOpvcYfgWOYvopdJeSSzHiDe3M4tuJXHQ==",
      "hasInstallScript": true,
      "optional": true,
      "engines": {
        "node": ">=18"
      },
      "optionalDependencies": {
        "doe-gpu-darwin-arm64": "0.4.7",
        "doe-gpu-linux-x64": "0.4.7"
      }
    },
    "node_modules/ms": {
      "version": "2.1.3",
      "license": "MIT"
    },
    "node_modules/webgpu": {
      "version": "0.4.0",
      "resolved": "file:archives/webgpu-0.4.0.tgz",
      "integrity": "sha512-F5pimn3Aoi0zWjuRdiVs5TnrUwSzD2lESBohsIUsqyitWkGRQlXU2fhV6ycXlQTa1bvAf3sjqiUpBEpmSQ5ptA==",
      "hasInstallScript": true,
      "license": "MIT",
      "dependencies": {
        "@webgpu/types": "^0.1.69",
        "debug": "^4.4.0"
      }
    }
  }
}
