{
  "name": "@simulatte/demo-volume-render",
  "version": "0.0.1",
  "lockfileVersion": 3,
  "requires": true,
  "packages": {
    "": {
      "name": "@simulatte/demo-volume-render",
      "version": "0.0.1",
      "dependencies": {
        "doe-gpu": "file:../../packages/doe-gpu"
      }
    },
    "../../packages/doe-gpu": {
      "name": "doe-gpu",
      "version": "0.3.4",
      "license": "Apache-2.0",
      "engines": {
        "node": ">=18"
      }
    },
    "node_modules/doe-gpu": {
      "resolved": "../../packages/doe-gpu",
      "link": true
    }
  }
}
