{
  "name": "@simulatte/demo-volume-render",
  "version": "0.0.1",
  "lockfileVersion": 3,
  "requires": true,
  "packages": {
    "": {
      "name": "@simulatte/demo-volume-render",
      "version": "0.0.1",
      "dependencies": {
        "@simulatte/webgpu": "file:../../packages/webgpu"
      }
    },
    "../../packages/webgpu": {
      "name": "@simulatte/webgpu",
      "version": "0.3.2",
      "hasInstallScript": true,
      "license": "Apache-2.0",
      "dependencies": {
        "@simulatte/webgpu-doe": "^0.3.2"
      },
      "bin": {
        "fawn-webgpu-bench": "bin/fawn-webgpu-bench.js",
        "fawn-webgpu-compare": "bin/fawn-webgpu-compare.js"
      },
      "engines": {
        "node": ">=18"
      }
    },
    "node_modules/@simulatte/webgpu": {
      "resolved": "../../packages/webgpu",
      "link": true
    }
  }
}
